// !$*UTF8*$!
{
	archiveVersion = 1;
	classes = {
	};
	objectVersion = 50;
	objects = {

/* Begin PBXBuildFile section */
		1556BC0120DACE4B0091567C /* AppDelegate.swift in Sources */ = {isa = PBXBuildFile; fileRef = 1556BC0020DACE4B0091567C /* AppDelegate.swift */; };
		1556BC0320DACE4B0091567C /* PodcastViewController.swift in Sources */ = {isa = PBXBuildFile; fileRef = 1556BC0220DACE4B0091567C /* PodcastViewController.swift */; };
		1556BC0620DACE4B0091567C /* PodCast_Player.xcdatamodeld in Sources */ = {isa = PBXBuildFile; fileRef = 1556BC0420DACE4B0091567C /* PodCast_Player.xcdatamodeld */; };
		1556BC0820DACE4C0091567C /* Assets.xcassets in Resources */ = {isa = PBXBuildFile; fileRef = 1556BC0720DACE4C0091567C /* Assets.xcassets */; };
		1556BC0B20DACE4C0091567C /* Main.storyboard in Resources */ = {isa = PBXBuildFile; fileRef = 1556BC0920DACE4C0091567C /* Main.storyboard */; };
		1556BC1520DAD0780091567C /* SWXMLHash+TypeConversion.swift in Sources */ = {isa = PBXBuildFile; fileRef = 1556BC1320DAD0770091567C /* SWXMLHash+TypeConversion.swift */; };
		1556BC1620DAD0780091567C /* SWXMLHash.swift in Sources */ = {isa = PBXBuildFile; fileRef = 1556BC1420DAD0770091567C /* SWXMLHash.swift */; };
		1556BC1920DAD0AD0091567C /* Parser.swift in Sources */ = {isa = PBXBuildFile; fileRef = 1556BC1820DAD0AD0091567C /* Parser.swift */; };
		1556BC2020DB4E3E0091567C /* EpisodesViewController.swift in Sources */ = {isa = PBXBuildFile; fileRef = 1556BC1F20DB4E3E0091567C /* EpisodesViewController.swift */; };
		1556BC2220DB5B780091567C /* TheSplitController.swift in Sources */ = {isa = PBXBuildFile; fileRef = 1556BC2120DB5B780091567C /* TheSplitController.swift */; };
		1556BC2420DB65F70091567C /* Episode.swift in Sources */ = {isa = PBXBuildFile; fileRef = 1556BC2320DB65F70091567C /* Episode.swift */; };
/* End PBXBuildFile section */

/* Begin PBXFileReference section */
		1556BBFD20DACE4B0091567C /* PodCast Player.app */ = {isa = PBXFileReference; explicitFileType = wrapper.application; includeInIndex = 0; path = "PodCast Player.app"; sourceTree = BUILT_PRODUCTS_DIR; };
		1556BC0020DACE4B0091567C /* AppDelegate.swift */ = {isa = PBXFileReference; lastKnownFileType = sourcecode.swift; path = AppDelegate.swift; sourceTree = "<group>"; };
		1556BC0220DACE4B0091567C /* PodcastViewController.swift */ = {isa = PBXFileReference; lastKnownFileType = sourcecode.swift; path = PodcastViewController.swift; sourceTree = "<group>"; };
		1556BC0520DACE4B0091567C /* PodCast_Player.xcdatamodel */ = {isa = PBXFileReference; lastKnownFileType = wrapper.xcdatamodel; path = PodCast_Player.xcdatamodel; sourceTree = "<group>"; };
		1556BC0720DACE4C0091567C /* Assets.xcassets */ = {isa = PBXFileReference; lastKnownFileType = folder.assetcatalog; path = Assets.xcassets; sourceTree = "<group>"; };
		1556BC0A20DACE4C0091567C /* Base */ = {isa = PBXFileReference; lastKnownFileType = file.storyboard; name = Base; path = Base.lproj/Main.storyboard; sourceTree = "<group>"; };
		1556BC0C20DACE4C0091567C /* Info.plist */ = {isa = PBXFileReference; lastKnownFileType = text.plist.xml; path = Info.plist; sourceTree = "<group>"; };
		1556BC0D20DACE4C0091567C /* PodCast_Player.entitlements */ = {isa = PBXFileReference; lastKnownFileType = text.plist.entitlements; path = PodCast_Player.entitlements; sourceTree = "<group>"; };
		1556BC1320DAD0770091567C /* SWXMLHash+TypeConversion.swift */ = {isa = PBXFileReference; fileEncoding = 4; lastKnownFileType = sourcecode.swift; path = "SWXMLHash+TypeConversion.swift"; sourceTree = "<group>"; };
		1556BC1420DAD0770091567C /* SWXMLHash.swift */ = {isa = PBXFileReference; fileEncoding = 4; lastKnownFileType = sourcecode.swift; path = SWXMLHash.swift; sourceTree = "<group>"; };
		1556BC1820DAD0AD0091567C /* Parser.swift */ = {isa = PBXFileReference; lastKnownFileType = sourcecode.swift; path = Parser.swift; sourceTree = "<group>"; };
		1556BC1A20DAFC2B0091567C /* PodCast Player.entitlements */ = {isa = PBXFileReference; lastKnownFileType = text.plist.entitlements; path = "PodCast Player.entitlements"; sourceTree = "<group>"; };
		1556BC1F20DB4E3E0091567C /* EpisodesViewController.swift */ = {isa = PBXFileReference; lastKnownFileType = sourcecode.swift; path = EpisodesViewController.swift; sourceTree = "<group>"; };
		1556BC2120DB5B780091567C /* TheSplitController.swift */ = {isa = PBXFileReference; lastKnownFileType = sourcecode.swift; path = TheSplitController.swift; sourceTree = "<group>"; };
		1556BC2320DB65F70091567C /* Episode.swift */ = {isa = PBXFileReference; lastKnownFileType = sourcecode.swift; path = Episode.swift; sourceTree = "<group>"; };
/* End PBXFileReference section */

/* Begin PBXFrameworksBuildPhase section */
		1556BBFA20DACE4B0091567C /* Frameworks */ = {
			isa = PBXFrameworksBuildPhase;
			buildActionMask = 2147483647;
			files = (
			);
			runOnlyForDeploymentPostprocessing = 0;
		};
/* End PBXFrameworksBuildPhase section */

/* Begin PBXGroup section */
		1556BBF420DACE4B0091567C = {
			isa = PBXGroup;
			children = (
				1556BBFF20DACE4B0091567C /* PodCast Player */,
				1556BBFE20DACE4B0091567C /* Products */,
			);
			sourceTree = "<group>";
		};
		1556BBFE20DACE4B0091567C /* Products */ = {
			isa = PBXGroup;
			children = (
				1556BBFD20DACE4B0091567C /* PodCast Player.app */,
			);
			name = Products;
			sourceTree = "<group>";
		};
		1556BBFF20DACE4B0091567C /* PodCast Player */ = {
			isa = PBXGroup;
			children = (
				1556BC1A20DAFC2B0091567C /* PodCast Player.entitlements */,
				1556BC0020DACE4B0091567C /* AppDelegate.swift */,
				1556BC2320DB65F70091567C /* Episode.swift */,
				1556BC1820DAD0AD0091567C /* Parser.swift */,
				1556BC1F20DB4E3E0091567C /* EpisodesViewController.swift */,
				1556BC0220DACE4B0091567C /* PodcastViewController.swift */,
				1556BC2120DB5B780091567C /* TheSplitController.swift */,
				1556BC1720DAD07C0091567C /* SWXMLHash */,
				1556BC0720DACE4C0091567C /* Assets.xcassets */,
				1556BC0920DACE4C0091567C /* Main.storyboard */,
				1556BC0C20DACE4C0091567C /* Info.plist */,
				1556BC0D20DACE4C0091567C /* PodCast_Player.entitlements */,
				1556BC0420DACE4B0091567C /* PodCast_Player.xcdatamodeld */,
			);
			path = "PodCast Player";
			sourceTree = "<group>";
		};
		1556BC1720DAD07C0091567C /* SWXMLHash */ = {
			isa = PBXGroup;
			children = (
				1556BC1420DAD0770091567C /* SWXMLHash.swift */,
				1556BC1320DAD0770091567C /* SWXMLHash+TypeConversion.swift */,
			);
			path = SWXMLHash;
			sourceTree = "<group>";
		};
/* End PBXGroup section */

/* Begin PBXNativeTarget section */
		1556BBFC20DACE4B0091567C /* PodCast Player */ = {
			isa = PBXNativeTarget;
			buildConfigurationList = 1556BC1020DACE4C0091567C /* Build configuration list for PBXNativeTarget "PodCast Player" */;
			buildPhases = (
				1556BBF920DACE4B0091567C /* Sources */,
				1556BBFA20DACE4B0091567C /* Frameworks */,
				1556BBFB20DACE4B0091567C /* Resources */,
			);
			buildRules = (
			);
			dependencies = (
			);
			name = "PodCast Player";
			productName = "PodCast Player";
			productReference = 1556BBFD20DACE4B0091567C /* PodCast Player.app */;
			productType = "com.apple.product-type.application";
		};
/* End PBXNativeTarget section */

/* Begin PBXProject section */
		1556BBF520DACE4B0091567C /* Project object */ = {
			isa = PBXProject;
			attributes = {
				LastSwiftUpdateCheck = 0940;
				LastUpgradeCheck = 0940;
				ORGANIZATIONNAME = "Jason Wong";
				TargetAttributes = {
					1556BBFC20DACE4B0091567C = {
						CreatedOnToolsVersion = 9.4.1;
						SystemCapabilities = {
							com.apple.Sandbox = {
								enabled = 1;
							};
						};
					};
				};
			};
			buildConfigurationList = 1556BBF820DACE4B0091567C /* Build configuration list for PBXProject "PodCast Player" */;
			compatibilityVersion = "Xcode 9.3";
			developmentRegion = en;
			hasScannedForEncodings = 0;
			knownRegions = (
				en,
				Base,
			);
			mainGroup = 1556BBF420DACE4B0091567C;
			productRefGroup = 1556BBFE20DACE4B0091567C /* Products */;
			projectDirPath = "";
			projectRoot = "";
			targets = (
				1556BBFC20DACE4B0091567C /* PodCast Player */,
			);
		};
/* End PBXProject section */

/* Begin PBXResourcesBuildPhase section */
		1556BBFB20DACE4B0091567C /* Resources */ = {
			isa = PBXResourcesBuildPhase;
			buildActionMask = 2147483647;
			files = (
				1556BC0820DACE4C0091567C /* Assets.xcassets in Resources */,
				1556BC0B20DACE4C0091567C /* Main.storyboard in Resources */,
			);
			runOnlyForDeploymentPostprocessing = 0;
		};
/* End PBXResourcesBuildPhase section */

/* Begin PBXSourcesBuildPhase section */
		1556BBF920DACE4B0091567C /* Sources */ = {
			isa = PBXSourcesBuildPhase;
			buildActionMask = 2147483647;
			files = (
				1556BC0320DACE4B0091567C /* PodcastViewController.swift in Sources */,
				1556BC1920DAD0AD0091567C /* Parser.swift in Sources */,
				1556BC2020DB4E3E0091567C /* EpisodesViewController.swift in Sources */,
				1556BC0620DACE4B0091567C /* PodCast_Player.xcdatamodeld in Sources */,
				1556BC2220DB5B780091567C /* TheSplitController.swift in Sources */,
				1556BC0120DACE4B0091567C /* AppDelegate.swift in Sources */,
				1556BC1620DAD0780091567C /* SWXMLHash.swift in Sources */,
				1556BC2420DB65F70091567C /* Episode.swift in Sources */,
				1556BC1520DAD0780091567C /* SWXMLHash+TypeConversion.swift in Sources */,
			);
			runOnlyForDeploymentPostprocessing = 0;
		};
/* End PBXSourcesBuildPhase section */

/* Begin PBXVariantGroup section */
		1556BC0920DACE4C0091567C /* Main.storyboard */ = {
			isa = PBXVariantGroup;
			children = (
				1556BC0A20DACE4C0091567C /* Base */,
			);
			name = Main.storyboard;
			sourceTree = "<group>";
		};
/* End PBXVariantGroup section */

/* Begin XCBuildConfiguration section */
		1556BC0E20DACE4C0091567C /* Debug */ = {
			isa = XCBuildConfiguration;
			buildSettings = {
				ALWAYS_SEARCH_USER_PATHS = NO;
				CLANG_ANALYZER_NONNULL = YES;
				CLANG_ANALYZER_NUMBER_OBJECT_CONVERSION = YES_AGGRESSIVE;
				CLANG_CXX_LANGUAGE_STANDARD = "gnu++14";
				CLANG_CXX_LIBRARY = "libc++";
				CLANG_ENABLE_MODULES = YES;
				CLANG_ENABLE_OBJC_ARC = YES;
				CLANG_ENABLE_OBJC_WEAK = YES;
				CLANG_WARN_BLOCK_CAPTURE_AUTORELEASING = YES;
				CLANG_WARN_BOOL_CONVERSION = YES;
				CLANG_WARN_COMMA = YES;
				CLANG_WARN_CONSTANT_CONVERSION = YES;
				CLANG_WARN_DEPRECATED_OBJC_IMPLEMENTATIONS = YES;
				CLANG_WARN_DIRECT_OBJC_ISA_USAGE = YES_ERROR;
				CLANG_WARN_DOCUMENTATION_COMMENTS = YES;
				CLANG_WARN_EMPTY_BODY = YES;
				CLANG_WARN_ENUM_CONVERSION = YES;
				CLANG_WARN_INFINITE_RECURSION = YES;
				CLANG_WARN_INT_CONVERSION = YES;
				CLANG_WARN_NON_LITERAL_NULL_CONVERSION = YES;
				CLANG_WARN_OBJC_IMPLICIT_RETAIN_SELF = YES;
				CLANG_WARN_OBJC_LITERAL_CONVERSION = YES;
				CLANG_WARN_OBJC_ROOT_CLASS = YES_ERROR;
				CLANG_WARN_RANGE_LOOP_ANALYSIS = YES;
				CLANG_WARN_STRICT_PROTOTYPES = YES;
				CLANG_WARN_SUSPICIOUS_MOVE = YES;
				CLANG_WARN_UNGUARDED_AVAILABILITY = YES_AGGRESSIVE;
				CLANG_WARN_UNREACHABLE_CODE = YES;
				CLANG_WARN__DUPLICATE_METHOD_MATCH = YES;
				CODE_SIGN_IDENTITY = "Mac Developer";
				COPY_PHASE_STRIP = NO;
				DEBUG_INFORMATION_FORMAT = dwarf;
				ENABLE_STRICT_OBJC_MSGSEND = YES;
				ENABLE_TESTABILITY = YES;
				GCC_C_LANGUAGE_STANDARD = gnu11;
				GCC_DYNAMIC_NO_PIC = NO;
				GCC_NO_COMMON_BLOCKS = YES;
				GCC_OPTIMIZATION_LEVEL = 0;
				GCC_PREPROCESSOR_DEFINITIONS = (
					"DEBUG=1",
					"$(inherited)",
				);
				GCC_WARN_64_TO_32_BIT_CONVERSION = YES;
				GCC_WARN_ABOUT_RETURN_TYPE = YES_ERROR;
				GCC_WARN_UNDECLARED_SELECTOR = YES;
				GCC_WARN_UNINITIALIZED_AUTOS = YES_AGGRESSIVE;
				GCC_WARN_UNUSED_FUNCTION = YES;
				GCC_WARN_UNUSED_VARIABLE = YES;
				MACOSX_DEPLOYMENT_TARGET = 10.13;
				MTL_ENABLE_DEBUG_INFO = YES;
				ONLY_ACTIVE_ARCH = YES;
				SDKROOT = macosx;
				SWIFT_ACTIVE_COMPILATION_CONDITIONS = DEBUG;
				SWIFT_OPTIMIZATION_LEVEL = "-Onone";
			};
			name = Debug;
		};
		1556BC0F20DACE4C0091567C /* Release */ = {
			isa = XCBuildConfiguration;
			buildSettings = {
				ALWAYS_SEARCH_USER_PATHS = NO;
				CLANG_ANALYZER_NONNULL = YES;
				CLANG_ANALYZER_NUMBER_OBJECT_CONVERSION = YES_AGGRESSIVE;
				CLANG_CXX_LANGUAGE_STANDARD = "gnu++14";
				CLANG_CXX_LIBRARY = "libc++";
				CLANG_ENABLE_MODULES = YES;
				CLANG_ENABLE_OBJC_ARC = YES;
				CLANG_ENABLE_OBJC_WEAK = YES;
				CLANG_WARN_BLOCK_CAPTURE_AUTORELEASING = YES;
				CLANG_WARN_BOOL_CONVERSION = YES;
				CLANG_WARN_COMMA = YES;
				CLANG_WARN_CONSTANT_CONVERSION = YES;
				CLANG_WARN_DEPRECATED_OBJC_IMPLEMENTATIONS = YES;
				CLANG_WARN_DIRECT_OBJC_ISA_USAGE = YES_ERROR;
				CLANG_WARN_DOCUMENTATION_COMMENTS = YES;
				CLANG_WARN_EMPTY_BODY = YES;
				CLANG_WARN_ENUM_CONVERSION = YES;
				CLANG_WARN_INFINITE_RECURSION = YES;
				CLANG_WARN_INT_CONVERSION = YES;
				CLANG_WARN_NON_LITERAL_NULL_CONVERSION = YES;
				CLANG_WARN_OBJC_IMPLICIT_RETAIN_SELF = YES;
				CLANG_WARN_OBJC_LITERAL_CONVERSION = YES;
				CLANG_WARN_OBJC_ROOT_CLASS = YES_ERROR;
				CLANG_WARN_RANGE_LOOP_ANALYSIS = YES;
				CLANG_WARN_STRICT_PROTOTYPES = YES;
				CLANG_WARN_SUSPICIOUS_MOVE = YES;
				CLANG_WARN_UNGUARDED_AVAILABILITY = YES_AGGRESSIVE;
				CLANG_WARN_UNREACHABLE_CODE = YES;
				CLANG_WARN__DUPLICATE_METHOD_MATCH = YES;
				CODE_SIGN_IDENTITY = "Mac Developer";
				COPY_PHASE_STRIP = NO;
				DEBUG_INFORMATION_FORMAT = "dwarf-with-dsym";
				ENABLE_NS_ASSERTIONS = NO;
				ENABLE_STRICT_OBJC_MSGSEND = YES;
				GCC_C_LANGUAGE_STANDARD = gnu11;
				GCC_NO_COMMON_BLOCKS = YES;
				GCC_WARN_64_TO_32_BIT_CONVERSION = YES;
				GCC_WARN_ABOUT_RETURN_TYPE = YES_ERROR;
				GCC_WARN_UNDECLARED_SELECTOR = YES;
				GCC_WARN_UNINITIALIZED_AUTOS = YES_AGGRESSIVE;
				GCC_WARN_UNUSED_FUNCTION = YES;
				GCC_WARN_UNUSED_VARIABLE = YES;
				MACOSX_DEPLOYMENT_TARGET = 10.13;
				MTL_ENABLE_DEBUG_INFO = NO;
				SDKROOT = macosx;
				SWIFT_COMPILATION_MODE = wholemodule;
				SWIFT_OPTIMIZATION_LEVEL = "-O";
			};
			name = Release;
		};
		1556BC1120DACE4C0091567C /* Debug */ = {
			isa = XCBuildConfiguration;
			buildSettings = {
				ASSETCATALOG_COMPILER_APPICON_NAME = AppIcon;
				CODE_SIGN_ENTITLEMENTS = "PodCast Player/PodCast Player.entitlements";
				CODE_SIGN_STYLE = Automatic;
				COMBINE_HIDPI_IMAGES = YES;
				DEVELOPMENT_TEAM = CFF46R89P9;
				INFOPLIST_FILE = "PodCast Player/Info.plist";
				LD_RUNPATH_SEARCH_PATHS = (
					"$(inherited)",
					"@executable_path/../Frameworks",
				);
				PRODUCT_BUNDLE_IDENTIFIER = "com.xmatters.evo.PodCast-Player";
				PRODUCT_NAME = "$(TARGET_NAME)";
				SWIFT_VERSION = 4.0;
			};
			name = Debug;
		};
		1556BC1220DACE4C0091567C /* Release */ = {
			isa = XCBuildConfiguration;
			buildSettings = {
				ASSETCATALOG_COMPILER_APPICON_NAME = AppIcon;
				CODE_SIGN_ENTITLEMENTS = "PodCast Player/PodCast Player.entitlements";
				CODE_SIGN_STYLE = Automatic;
				COMBINE_HIDPI_IMAGES = YES;
				DEVELOPMENT_TEAM = CFF46R89P9;
				INFOPLIST_FILE = "PodCast Player/Info.plist";
				LD_RUNPATH_SEARCH_PATHS = (
					"$(inherited)",
					"@executable_path/../Frameworks",
				);
				PRODUCT_BUNDLE_IDENTIFIER = "com.xmatters.evo.PodCast-Player";
				PRODUCT_NAME = "$(TARGET_NAME)";
				SWIFT_VERSION = 4.0;
			};
			name = Release;
		};
/* End XCBuildConfiguration section */

/* Begin XCConfigurationList section */
		1556BBF820DACE4B0091567C /* Build configuration list for PBXProject "PodCast Player" */ = {
			isa = XCConfigurationList;
			buildConfigurations = (
				1556BC0E20DACE4C0091567C /* Debug */,
				1556BC0F20DACE4C0091567C /* Release */,
			);
			defaultConfigurationIsVisible = 0;
			defaultConfigurationName = Release;
		};
		1556BC1020DACE4C0091567C /* Build configuration list for PBXNativeTarget "PodCast Player" */ = {
			isa = XCConfigurationList;
			buildConfigurations = (
				1556BC1120DACE4C0091567C /* Debug */,
				1556BC1220DACE4C0091567C /* Release */,
			);
			defaultConfigurationIsVisible = 0;
			defaultConfigurationName = Release;
		};
/* End XCConfigurationList section */

/* Begin XCVersionGroup section */
		1556BC0420DACE4B0091567C /* PodCast_Player.xcdatamodeld */ = {
			isa = XCVersionGroup;
			children = (
				1556BC0520DACE4B0091567C /* PodCast_Player.xcdatamodel */,
			);
			currentVersion = 1556BC0520DACE4B0091567C /* PodCast_Player.xcdatamodel */;
			path = PodCast_Player.xcdatamodeld;
			sourceTree = "<group>";
			versionGroupType = wrapper.xcdatamodel;
		};
/* End XCVersionGroup section */
	};
	rootObject = 1556BBF520DACE4B0091567C /* Project object */;
}
